
Microsoft Visual Studio Solution File, Format Version 12.00
# Visual Studio Version 16
VisualStudioVersion = 16.0.31105.61
MinimumVisualStudioVersion = 10.0.40219.1
Project("{FAE04EC0-301F-11D3-BF4B-00C04F79EFBC}") = "StreamTcpClient", "StreamTcpClient\StreamTcpClient.csproj", "{D7D2E70E-D666-45CE-B45A-C2A6B4654001}"
EndProject
Project("{FAE04EC0-301F-11D3-BF4B-00C04F79EFBC}") = "StreamTcpServer", "StreamTcpServer\StreamTcpServer.csproj", "{24C55F5E-A915-4783-84F4-742A10D10E73}"
EndProject
Global
	GlobalSection(SolutionConfigurationPlatforms) = preSolution
		Debug|Any CPU = Debug|Any CPU
		Release|Any CPU = Release|Any CPU
	EndGlobalSection
	GlobalSection(ProjectConfigurationPlatforms) = postSolution
		{D7D2E70E-D666-45CE-B45A-C2A6B4654001}.Debug|Any CPU.ActiveCfg = Debug|Any CPU
		{D7D2E70E-D666-45CE-B45A-C2A6B4654001}.Debug|Any CPU.Build.0 = Debug|Any CPU
		{D7D2E70E-D666-45CE-B45A-C2A6B4654001}.Release|Any CPU.ActiveCfg = Release|Any CPU
		{D7D2E70E-D666-45CE-B45A-C2A6B4654001}.Release|Any CPU.Build.0 = Release|Any CPU
		{24C55F5E-A915-4783-84F4-742A10D10E73}.Debug|Any CPU.ActiveCfg = Debug|Any CPU
		{24C55F5E-A915-4783-84F4-742A10D10E73}.Debug|Any CPU.Build.0 = Debug|Any CPU
		{24C55F5E-A915-4783-84F4-742A10D10E73}.Release|Any CPU.ActiveCfg = Release|Any CPU
		{24C55F5E-A915-4783-84F4-742A10D10E73}.Release|Any CPU.Build.0 = Release|Any CPU
	EndGlobalSection
	GlobalSection(SolutionProperties) = preSolution
		HideSolutionNode = FALSE
	EndGlobalSection
	GlobalSection(ExtensibilityGlobals) = postSolution
		SolutionGuid = {F1C96C8C-FF9B-42B5-865A-B468756C33B1}
	EndGlobalSection
EndGlobal
