
Microsoft Visual Studio Solution File, Format Version 12.00
# Visual Studio Version 16
VisualStudioVersion = 16.0.31112.23
MinimumVisualStudioVersion = 10.0.40219.1
Project("{FAE04EC0-301F-11D3-BF4B-00C04F79EFBC}") = "ThreadSample", "ThreadSample.csproj", "{E87BB1D0-6CEA-4D38-9A59-36EB84999F80}"
EndProject
Global
	GlobalSection(SolutionConfigurationPlatforms) = preSolution
		Debug|Any CPU = Debug|Any CPU
		Release|Any CPU = Release|Any CPU
	EndGlobalSection
	GlobalSection(ProjectConfigurationPlatforms) = postSolution
		{E87BB1D0-6CEA-4D38-9A59-36EB84999F80}.Debug|Any CPU.ActiveCfg = Debug|Any CPU
		{E87BB1D0-6CEA-4D38-9A59-36EB84999F80}.Debug|Any CPU.Build.0 = Debug|Any CPU
		{E87BB1D0-6CEA-4D38-9A59-36EB84999F80}.Release|Any CPU.ActiveCfg = Release|Any CPU
		{E87BB1D0-6CEA-4D38-9A59-36EB84999F80}.Release|Any CPU.Build.0 = Release|Any CPU
	EndGlobalSection
	GlobalSection(SolutionProperties) = preSolution
		HideSolutionNode = FALSE
	EndGlobalSection
	GlobalSection(ExtensibilityGlobals) = postSolution
		SolutionGuid = {A7248072-5BB4-4CE6-AAE8-A44C940E7B68}
	EndGlobalSection
EndGlobal
