
Microsoft Visual Studio Solution File, Format Version 12.00
# Visual Studio Version 16
VisualStudioVersion = 16.0.31112.23
MinimumVisualStudioVersion = 10.0.40219.1
Project("{FAE04EC0-301F-11D3-BF4B-00C04F79EFBC}") = "ThreadSync", "ThreadSync.csproj", "{E48D106B-3C89-4062-BC81-3CF2D9D1DDA2}"
EndProject
Global
	GlobalSection(SolutionConfigurationPlatforms) = preSolution
		Debug|Any CPU = Debug|Any CPU
		Release|Any CPU = Release|Any CPU
	EndGlobalSection
	GlobalSection(ProjectConfigurationPlatforms) = postSolution
		{E48D106B-3C89-4062-BC81-3CF2D9D1DDA2}.Debug|Any CPU.ActiveCfg = Debug|Any CPU
		{E48D106B-3C89-4062-BC81-3CF2D9D1DDA2}.Debug|Any CPU.Build.0 = Debug|Any CPU
		{E48D106B-3C89-4062-BC81-3CF2D9D1DDA2}.Release|Any CPU.ActiveCfg = Release|Any CPU
		{E48D106B-3C89-4062-BC81-3CF2D9D1DDA2}.Release|Any CPU.Build.0 = Release|Any CPU
	EndGlobalSection
	GlobalSection(SolutionProperties) = preSolution
		HideSolutionNode = FALSE
	EndGlobalSection
	GlobalSection(ExtensibilityGlobals) = postSolution
		SolutionGuid = {721AFF4C-6F53-4755-B40C-54658900EF35}
	EndGlobalSection
EndGlobal
