
Microsoft Visual Studio Solution File, Format Version 12.00
# Visual Studio Version 16
VisualStudioVersion = 16.0.31112.23
MinimumVisualStudioVersion = 10.0.40219.1
Project("{FAE04EC0-301F-11D3-BF4B-00C04F79EFBC}") = "ThreadArgs", "ThreadArgs.csproj", "{58C1D415-E833-4852-9DCB-084BE4C400BA}"
EndProject
Global
	GlobalSection(SolutionConfigurationPlatforms) = preSolution
		Debug|Any CPU = Debug|Any CPU
		Release|Any CPU = Release|Any CPU
	EndGlobalSection
	GlobalSection(ProjectConfigurationPlatforms) = postSolution
		{58C1D415-E833-4852-9DCB-084BE4C400BA}.Debug|Any CPU.ActiveCfg = Debug|Any CPU
		{58C1D415-E833-4852-9DCB-084BE4C400BA}.Debug|Any CPU.Build.0 = Debug|Any CPU
		{58C1D415-E833-4852-9DCB-084BE4C400BA}.Release|Any CPU.ActiveCfg = Release|Any CPU
		{58C1D415-E833-4852-9DCB-084BE4C400BA}.Release|Any CPU.Build.0 = Release|Any CPU
	EndGlobalSection
	GlobalSection(SolutionProperties) = preSolution
		HideSolutionNode = FALSE
	EndGlobalSection
	GlobalSection(ExtensibilityGlobals) = postSolution
		SolutionGuid = {64BF972C-A874-419E-BDA7-16FE335F1E14}
	EndGlobalSection
EndGlobal
